{
  "version": 4,
  "terraform_version": "1.10.5",
  "serial": 10,
  "lineage": "fb39f9a9-9c4e-05ce-0aea-889575e44fe9",
  "outputs": {
    "count_dir_skipped": {
      "value": 0,
      "type": "number"
    },
    "list_of_new_project_ids": {
      "value": [
        "prj-Q5BJ5FKpEzfR2p7A"
      ],
      "type": [
        "tuple",
        [
          "string"
        ]
      ]
    },
    "list_of_new_project_names": {
      "value": [
        "hello_s3"
      ],
      "type": [
        "tuple",
        [
          "string"
        ]
      ]
    }
  },
  "resources": [
    {
      "mode": "managed",
      "type": "tfe_project",
      "name": "list_of_new_projects",
      "provider": "provider[\"registry.terraform.io/hashicorp/tfe\"]",
      "instances": [
        {
          "index_key": "hello_s3",
          "schema_version": 0,
          "attributes": {
            "description": "Created by Terrafrom Migrate from the Github Repository: TerraformTestLab/HelloS3",
            "id": "prj-Q5BJ5FKpEzfR2p7A",
            "name": "hello_s3",
            "organization": "tfc-sujay-01"
          },
          "sensitive_attributes": [],
          "private": "bnVsbA=="
        }
      ]
    },
    {
      "module": "module.workspace_and_variables[\"HelloS3\"]",
      "mode": "data",
      "type": "tfe_project",
      "name": "project",
      "provider": "provider[\"registry.terraform.io/hashicorp/tfe\"]",
      "instances": [
        {
          "schema_version": 0,
          "attributes": {
            "description": "Created by Terrafrom Migrate from the Github Repository: TerraformTestLab/HelloS3",
            "id": "prj-Q5BJ5FKpEzfR2p7A",
            "name": "hello_s3",
            "organization": "tfc-sujay-01",
            "workspace_ids": []
          },
          "sensitive_attributes": []
        }
      ]
    },
    {
      "module": "module.workspace_and_variables[\"HelloS3\"]",
      "mode": "managed",
      "type": "tfe_variable",
      "name": "variables",
      "provider": "provider[\"registry.terraform.io/hashicorp/tfe\"]",
      "instances": [
        {
          "index_key": "hello_s3_default.bucket_name",
          "schema_version": 1,
          "attributes": {
            "category": "terraform",
            "description": "The name of the S3 bucket",
            "hcl": false,
            "id": "var-DQvuxxMwDyHs5faU",
            "key": "bucket_name",
            "readable_value": "hellostacksbucket",
            "sensitive": false,
            "value": "hellostacksbucket",
            "variable_set_id": null,
            "workspace_id": "ws-kTQHCuhoTY3TcdWA"
          },
          "sensitive_attributes": [
            [
              {
                "type": "get_attr",
                "value": "value"
              }
            ]
          ],
          "dependencies": [
            "module.workspace_and_variables.data.tfe_project.project",
            "module.workspace_and_variables.tfe_workspace.workspaces",
            "tfe_project.list_of_new_projects"
          ]
        },
        {
          "index_key": "hello_s3_default.enable_encryption",
          "schema_version": 1,
          "attributes": {
            "category": "terraform",
            "description": "Enable server-side encryption for the bucket",
            "hcl": false,
            "id": "var-MXSKZe2s7ySUDVfY",
            "key": "enable_encryption",
            "readable_value": "true",
            "sensitive": false,
            "value": "true",
            "variable_set_id": null,
            "workspace_id": "ws-kTQHCuhoTY3TcdWA"
          },
          "sensitive_attributes": [
            [
              {
                "type": "get_attr",
                "value": "value"
              }
            ]
          ],
          "dependencies": [
            "module.workspace_and_variables.data.tfe_project.project",
            "module.workspace_and_variables.tfe_workspace.workspaces",
            "tfe_project.list_of_new_projects"
          ]
        },
        {
          "index_key": "hello_s3_default.enable_versioning",
          "schema_version": 1,
          "attributes": {
            "category": "terraform",
            "description": "Enable versioning on the S3 bucket",
            "hcl": false,
            "id": "var-Xcutg1k7i3cz1YQq",
            "key": "enable_versioning",
            "readable_value": "true",
            "sensitive": false,
            "value": "true",
            "variable_set_id": null,
            "workspace_id": "ws-kTQHCuhoTY3TcdWA"
          },
          "sensitive_attributes": [
            [
              {
                "type": "get_attr",
                "value": "value"
              }
            ]
          ],
          "dependencies": [
            "module.workspace_and_variables.data.tfe_project.project",
            "module.workspace_and_variables.tfe_workspace.workspaces",
            "tfe_project.list_of_new_projects"
          ]
        },
        {
          "index_key": "hello_s3_default.region",
          "schema_version": 1,
          "attributes": {
            "category": "terraform",
            "description": "The AWS region where the bucket will be created",
            "hcl": false,
            "id": "var-cHjwaHoEEvccKDR9",
            "key": "region",
            "readable_value": "ap-south-1",
            "sensitive": false,
            "value": "ap-south-1",
            "variable_set_id": null,
            "workspace_id": "ws-kTQHCuhoTY3TcdWA"
          },
          "sensitive_attributes": [
            [
              {
                "type": "get_attr",
                "value": "value"
              }
            ]
          ],
          "dependencies": [
            "module.workspace_and_variables.data.tfe_project.project",
            "module.workspace_and_variables.tfe_workspace.workspaces",
            "tfe_project.list_of_new_projects"
          ]
        }
      ]
    },
    {
      "module": "module.workspace_and_variables[\"HelloS3\"]",
      "mode": "managed",
      "type": "tfe_workspace",
      "name": "workspaces",
      "provider": "provider[\"registry.terraform.io/hashicorp/tfe\"]",
      "instances": [
        {
          "index_key": "default",
          "schema_version": 1,
          "attributes": {
            "agent_pool_id": "",
            "allow_destroy_plan": true,
            "assessments_enabled": false,
            "auto_apply": false,
            "auto_apply_run_trigger": false,
            "description": "",
            "execution_mode": "remote",
            "file_triggers_enabled": true,
            "force_delete": false,
            "global_remote_state": false,
            "html_url": "https://app.terraform.io/app/tfc-sujay-01/workspaces/hello_s3_default",
            "id": "ws-kTQHCuhoTY3TcdWA",
            "ignore_additional_tag_names": null,
            "name": "hello_s3_default",
            "operations": true,
            "organization": "tfc-sujay-01",
            "project_id": "prj-Q5BJ5FKpEzfR2p7A",
            "queue_all_runs": false,
            "remote_state_consumer_ids": [],
            "resource_count": 0,
            "source_name": "Tf-Migrate",
            "source_url": "https://github.com/hashicorp/tf-migrate",
            "speculative_enabled": true,
            "ssh_key_id": "",
            "structured_run_output_enabled": true,
            "tag_names": [
              "hello_s3"
            ],
            "terraform_version": "1.10.5",
            "trigger_patterns": null,
            "trigger_prefixes": null,
            "vcs_repo": [],
            "working_directory": ""
          },
          "sensitive_attributes": [],
          "private": "eyJzY2hlbWFfdmVyc2lvbiI6IjEifQ==",
          "dependencies": [
            "module.workspace_and_variables.data.tfe_project.project",
            "tfe_project.list_of_new_projects"
          ]
        }
      ]
    },
    {
      "module": "module.workspace_and_variables[\"HelloS3\"]",
      "mode": "managed",
      "type": "tfmigrate_state_migration",
      "name": "state-migration",
      "provider": "provider[\"registry.terraform.io/hashicorp/tfmigrate\"]",
      "instances": [
        {
          "index_key": "default",
          "schema_version": 0,
          "attributes": {
            "directory_path": "/Users/sujaysamanta/Workspace/Codebase/TerraformTestLab/Git-Repos/HelloS3",
            "local_workspace": "default",
            "org": "tfc-sujay-01",
            "tfc_workspace": "hello_s3_default"
          },
          "sensitive_attributes": [],
          "dependencies": [
            "module.workspace_and_variables.data.tfe_project.project",
            "module.workspace_and_variables.tfe_workspace.workspaces",
            "module.workspace_and_variables.tfmigrate_terraform_init.terraform_init",
            "tfe_project.list_of_new_projects"
          ]
        }
      ]
    },
    {
      "module": "module.workspace_and_variables[\"HelloS3\"]",
      "mode": "managed",
      "type": "tfmigrate_terraform_init",
      "name": "terraform_init",
      "provider": "provider[\"registry.terraform.io/hashicorp/tfmigrate\"]",
      "instances": [
        {
          "schema_version": 0,
          "attributes": {
            "directory_path": "/Users/sujaysamanta/Workspace/Codebase/TerraformTestLab/Git-Repos/HelloS3",
            "summary": "Terraform Init Completed."
          },
          "sensitive_attributes": [],
          "dependencies": [
            "module.workspace_and_variables.data.tfe_project.project",
            "module.workspace_and_variables.tfe_workspace.workspaces",
            "tfe_project.list_of_new_projects"
          ]
        }
      ]
    },
    {
      "module": "module.workspace_and_variables[\"HelloS3\"]",
      "mode": "managed",
      "type": "tfmigrate_update_backend",
      "name": "update-backend",
      "provider": "provider[\"registry.terraform.io/hashicorp/tfmigrate\"]",
      "instances": [
        {
          "schema_version": 0,
          "attributes": {
            "backend_file_name": "main.tf",
            "directory_path": "/Users/sujaysamanta/Workspace/Codebase/TerraformTestLab/Git-Repos/HelloS3",
            "org": "tfc-sujay-01",
            "project": "hello_s3",
            "tags": [
              "hello_s3"
            ],
            "workspace_map": {
              "default": "hello_s3_default"
            }
          },
          "sensitive_attributes": [],
          "dependencies": [
            "module.workspace_and_variables.data.tfe_project.project",
            "module.workspace_and_variables.tfe_workspace.workspaces",
            "module.workspace_and_variables.tfmigrate_state_migration.state-migration",
            "module.workspace_and_variables.tfmigrate_terraform_init.terraform_init",
            "tfe_project.list_of_new_projects"
          ]
        }
      ]
    }
  ],
  "check_results": null
}
